
Microsoft Visual Studio Solution File, Format Version 12.00
# Visual Studio 2013
VisualStudioVersion = 12.0.21005.1
MinimumVisualStudioVersion = 10.0.40219.1
Project("{FAE04EC0-301F-11D3-BF4B-00C04F79EFBC}") = "KentekenRegistratie", "KentekenRegistratie\KentekenRegistratie.csproj", "{C2CD07B6-1506-48DF-A526-D6EEB4D2DC6F}"
EndProject
Project("{FAE04EC0-301F-11D3-BF4B-00C04F79EFBC}") = "KentekenRegistratieLibrary", "KentekenRegistratieLibrary\KentekenRegistratieLibrary.csproj", "{756E278D-44B4-41CA-890B-CD577E5449A7}"
EndProject
Global
	GlobalSection(SolutionConfigurationPlatforms) = preSolution
		Debug|Any CPU = Debug|Any CPU
		Release|Any CPU = Release|Any CPU
	EndGlobalSection
	GlobalSection(ProjectConfigurationPlatforms) = postSolution
		{C2CD07B6-1506-48DF-A526-D6EEB4D2DC6F}.Debug|Any CPU.ActiveCfg = Debug|Any CPU
		{C2CD07B6-1506-48DF-A526-D6EEB4D2DC6F}.Debug|Any CPU.Build.0 = Debug|Any CPU
		{C2CD07B6-1506-48DF-A526-D6EEB4D2DC6F}.Release|Any CPU.ActiveCfg = Release|Any CPU
		{C2CD07B6-1506-48DF-A526-D6EEB4D2DC6F}.Release|Any CPU.Build.0 = Release|Any CPU
		{756E278D-44B4-41CA-890B-CD577E5449A7}.Debug|Any CPU.ActiveCfg = Debug|Any CPU
		{756E278D-44B4-41CA-890B-CD577E5449A7}.Debug|Any CPU.Build.0 = Debug|Any CPU
		{756E278D-44B4-41CA-890B-CD577E5449A7}.Release|Any CPU.ActiveCfg = Release|Any CPU
		{756E278D-44B4-41CA-890B-CD577E5449A7}.Release|Any CPU.Build.0 = Release|Any CPU
	EndGlobalSection
	GlobalSection(SolutionProperties) = preSolution
		HideSolutionNode = FALSE
	EndGlobalSection
EndGlobal
